{
  "originHash" : "2d2bfe4689fcfeb05050a8ddd4da8a829c328706d0e8874261e38c7734d91ac6",
  "pins" : [
    {
      "identity" : "asn1",
      "kind" : "remoteSourceControl",
      "location" : "https://github.com/leif-ibsen/ASN1",
      "state" : {
        "revision" : "4b4e82513e3b4d51a7573972fd7123222dd3a3bd",
        "version" : "2.6.0"
      }
    },
    {
      "identity" : "bigint",
      "kind" : "remoteSourceControl",
      "location" : "https://github.com/leif-ibsen/BigInt",
      "state" : {
        "revision" : "bf55e4ce076a5e2dde0db13d9b03d820cfad420d",
        "version" : "1.19.0"
      }
    },
    {
      "identity" : "digest",
      "kind" : "remoteSourceControl",
      "location" : "https://github.com/leif-ibsen/Digest",
      "state" : {
        "revision" : "05f079878ec5fb05c7d9c94f35dbc4f5ec054d54",
        "version" : "1.6.0"
      }
    },
    {
      "identity" : "eudi-lib-ios-iso18013-data-model",
      "kind" : "remoteSourceControl",
      "location" : "https://github.com/eu-digital-identity-wallet/eudi-lib-ios-iso18013-data-model",
      "state" : {
        "revision" : "907e5dbdb58fcaf4916507a8fcfff7a79cbd0efd",
        "version" : "0.3.0"
      }
    },
    {
      "identity" : "swift-collections",
      "kind" : "remoteSourceControl",
      "location" : "https://github.com/apple/swift-collections.git",
      "state" : {
        "revision" : "3d2dc41a01f9e49d84f0a3925fb858bed64f702d",
        "version" : "1.1.2"
      }
    },
    {
      "identity" : "swift-log",
      "kind" : "remoteSourceControl",
      "location" : "https://github.com/apple/swift-log.git",
      "state" : {
        "revision" : "9cb486020ebf03bfa5b5df985387a14a98744537",
        "version" : "1.6.1"
      }
    },
    {
      "identity" : "swiftcbor",
      "kind" : "remoteSourceControl",
      "location" : "https://github.com/niscy-eudiw/SwiftCBOR.git",
      "state" : {
        "revision" : "310dbc3975a5653237fed304d88a6dd59d04dd30",
        "version" : "0.5.7"
      }
    },
    {
      "identity" : "swiftecc",
      "kind" : "remoteSourceControl",
      "location" : "https://github.com/leif-ibsen/SwiftECC.git",
      "state" : {
        "revision" : "0efa7eed9eeedb93e6d42bc4a18a40ef5c1ef2d0",
        "version" : "5.3.0"
      }
    }
  ],
  "version" : 3
}
